
Microsoft Visual Studio Solution File, Format Version 12.00
# Visual Studio 15
VisualStudioVersion = 15.0.27703.2042
MinimumVisualStudioVersion = 10.0.40219.1
Project("{FAE04EC0-301F-11D3-BF4B-00C04F79EFBC}") = "Aquaponics Web Portal", "Aquaponics Web Portal\Aquaponics Web Portal.csproj", "{0702CF34-62A5-45C9-9CCF-F9F7B76DFEB9}"
EndProject
Global
	GlobalSection(SolutionConfigurationPlatforms) = preSolution
		Debug|Any CPU = Debug|Any CPU
		Release|Any CPU = Release|Any CPU
	EndGlobalSection
	GlobalSection(ProjectConfigurationPlatforms) = postSolution
		{0702CF34-62A5-45C9-9CCF-F9F7B76DFEB9}.Debug|Any CPU.ActiveCfg = Debug|Any CPU
		{0702CF34-62A5-45C9-9CCF-F9F7B76DFEB9}.Debug|Any CPU.Build.0 = Debug|Any CPU
		{0702CF34-62A5-45C9-9CCF-F9F7B76DFEB9}.Release|Any CPU.ActiveCfg = Release|Any CPU
		{0702CF34-62A5-45C9-9CCF-F9F7B76DFEB9}.Release|Any CPU.Build.0 = Release|Any CPU
	EndGlobalSection
	GlobalSection(SolutionProperties) = preSolution
		HideSolutionNode = FALSE
	EndGlobalSection
	GlobalSection(ExtensibilityGlobals) = postSolution
		SolutionGuid = {533A57FD-0AF5-4A63-B8C9-EFEB63B79B06}
	EndGlobalSection
EndGlobal
